// !$*UTF8*$!
{
	archiveVersion = 1;
	classes = {
	};
	objectVersion = 48;
	objects = {

/* Begin PBXBuildFile section */
		FBBBEE11206AA2D90029B904 /* AppDelegate.m in Sources */ = {isa = PBXBuildFile; fileRef = FBBBEE10206AA2D90029B904 /* AppDelegate.m */; };
		FBBBEE14206AA2D90029B904 /* MovieQuotes.xcdatamodeld in Sources */ = {isa = PBXBuildFile; fileRef = FBBBEE12206AA2D90029B904 /* MovieQuotes.xcdatamodeld */; };
		FBBBEE17206AA2D90029B904 /* MasterViewController.m in Sources */ = {isa = PBXBuildFile; fileRef = FBBBEE16206AA2D90029B904 /* MasterViewController.m */; };
		FBBBEE1A206AA2D90029B904 /* DetailViewController.m in Sources */ = {isa = PBXBuildFile; fileRef = FBBBEE19206AA2D90029B904 /* DetailViewController.m */; };
		FBBBEE1D206AA2D90029B904 /* Main.storyboard in Resources */ = {isa = PBXBuildFile; fileRef = FBBBEE1B206AA2D90029B904 /* Main.storyboard */; };
		FBBBEE1F206AA2D90029B904 /* Assets.xcassets in Resources */ = {isa = PBXBuildFile; fileRef = FBBBEE1E206AA2D90029B904 /* Assets.xcassets */; };
		FBBBEE22206AA2D90029B904 /* LaunchScreen.storyboard in Resources */ = {isa = PBXBuildFile; fileRef = FBBBEE20206AA2D90029B904 /* LaunchScreen.storyboard */; };
		FBBBEE25206AA2D90029B904 /* main.m in Sources */ = {isa = PBXBuildFile; fileRef = FBBBEE24206AA2D90029B904 /* main.m */; };
/* End PBXBuildFile section */

/* Begin PBXFileReference section */
		FBBBEE0C206AA2D90029B904 /* MovieQuotes.app */ = {isa = PBXFileReference; explicitFileType = wrapper.application; includeInIndex = 0; path = MovieQuotes.app; sourceTree = BUILT_PRODUCTS_DIR; };
		FBBBEE0F206AA2D90029B904 /* AppDelegate.h */ = {isa = PBXFileReference; lastKnownFileType = sourcecode.c.h; path = AppDelegate.h; sourceTree = "<group>"; };
		FBBBEE10206AA2D90029B904 /* AppDelegate.m */ = {isa = PBXFileReference; lastKnownFileType = sourcecode.c.objc; path = AppDelegate.m; sourceTree = "<group>"; };
		FBBBEE13206AA2D90029B904 /* MovieQuotes.xcdatamodel */ = {isa = PBXFileReference; lastKnownFileType = wrapper.xcdatamodel; path = MovieQuotes.xcdatamodel; sourceTree = "<group>"; };
		FBBBEE15206AA2D90029B904 /* MasterViewController.h */ = {isa = PBXFileReference; lastKnownFileType = sourcecode.c.h; path = MasterViewController.h; sourceTree = "<group>"; };
		FBBBEE16206AA2D90029B904 /* MasterViewController.m */ = {isa = PBXFileReference; lastKnownFileType = sourcecode.c.objc; path = MasterViewController.m; sourceTree = "<group>"; };
		FBBBEE18206AA2D90029B904 /* DetailViewController.h */ = {isa = PBXFileReference; lastKnownFileType = sourcecode.c.h; path = DetailViewController.h; sourceTree = "<group>"; };
		FBBBEE19206AA2D90029B904 /* DetailViewController.m */ = {isa = PBXFileReference; lastKnownFileType = sourcecode.c.objc; path = DetailViewController.m; sourceTree = "<group>"; };
		FBBBEE1C206AA2D90029B904 /* Base */ = {isa = PBXFileReference; lastKnownFileType = file.storyboard; name = Base; path = Base.lproj/Main.storyboard; sourceTree = "<group>"; };
		FBBBEE1E206AA2D90029B904 /* Assets.xcassets */ = {isa = PBXFileReference; lastKnownFileType = folder.assetcatalog; path = Assets.xcassets; sourceTree = "<group>"; };
		FBBBEE21206AA2D90029B904 /* Base */ = {isa = PBXFileReference; lastKnownFileType = file.storyboard; name = Base; path = Base.lproj/LaunchScreen.storyboard; sourceTree = "<group>"; };
		FBBBEE23206AA2D90029B904 /* Info.plist */ = {isa = PBXFileReference; lastKnownFileType = text.plist.xml; path = Info.plist; sourceTree = "<group>"; };
		FBBBEE24206AA2D90029B904 /* main.m */ = {isa = PBXFileReference; lastKnownFileType = sourcecode.c.objc; path = main.m; sourceTree = "<group>"; };
/* End PBXFileReference section */

/* Begin PBXFrameworksBuildPhase section */
		FBBBEE09206AA2D90029B904 /* Frameworks */ = {
			isa = PBXFrameworksBuildPhase;
			buildActionMask = 2147483647;
			files = (
			);
			runOnlyForDeploymentPostprocessing = 0;
		};
/* End PBXFrameworksBuildPhase section */

/* Begin PBXGroup section */
		FBBBEE03206AA2D90029B904 = {
			isa = PBXGroup;
			children = (
				FBBBEE0E206AA2D90029B904 /* MovieQuotes */,
				FBBBEE0D206AA2D90029B904 /* Products */,
			);
			sourceTree = "<group>";
		};
		FBBBEE0D206AA2D90029B904 /* Products */ = {
			isa = PBXGroup;
			children = (
				FBBBEE0C206AA2D90029B904 /* MovieQuotes.app */,
			);
			name = Products;
			sourceTree = "<group>";
		};
		FBBBEE0E206AA2D90029B904 /* MovieQuotes */ = {
			isa = PBXGroup;
			children = (
				FBBBEE0F206AA2D90029B904 /* AppDelegate.h */,
				FBBBEE10206AA2D90029B904 /* AppDelegate.m */,
				FBBBEE15206AA2D90029B904 /* MasterViewController.h */,
				FBBBEE16206AA2D90029B904 /* MasterViewController.m */,
				FBBBEE18206AA2D90029B904 /* DetailViewController.h */,
				FBBBEE19206AA2D90029B904 /* DetailViewController.m */,
				FBBBEE1B206AA2D90029B904 /* Main.storyboard */,
				FBBBEE1E206AA2D90029B904 /* Assets.xcassets */,
				FBBBEE20206AA2D90029B904 /* LaunchScreen.storyboard */,
				FBBBEE23206AA2D90029B904 /* Info.plist */,
				FBBBEE24206AA2D90029B904 /* main.m */,
				FBBBEE12206AA2D90029B904 /* MovieQuotes.xcdatamodeld */,
			);
			path = MovieQuotes;
			sourceTree = "<group>";
		};
/* End PBXGroup section */

/* Begin PBXNativeTarget section */
		FBBBEE0B206AA2D90029B904 /* MovieQuotes */ = {
			isa = PBXNativeTarget;
			buildConfigurationList = FBBBEE28206AA2D90029B904 /* Build configuration list for PBXNativeTarget "MovieQuotes" */;
			buildPhases = (
				FBBBEE08206AA2D90029B904 /* Sources */,
				FBBBEE09206AA2D90029B904 /* Frameworks */,
				FBBBEE0A206AA2D90029B904 /* Resources */,
			);
			buildRules = (
			);
			dependencies = (
			);
			name = MovieQuotes;
			productName = MovieQuotes;
			productReference = FBBBEE0C206AA2D90029B904 /* MovieQuotes.app */;
			productType = "com.apple.product-type.application";
		};
/* End PBXNativeTarget section */

/* Begin PBXProject section */
		FBBBEE04206AA2D90029B904 /* Project object */ = {
			isa = PBXProject;
			attributes = {
				LastUpgradeCheck = 0920;
				ORGANIZATIONNAME = "Carli Weinberg";
				TargetAttributes = {
					FBBBEE0B206AA2D90029B904 = {
						CreatedOnToolsVersion = 9.2;
						ProvisioningStyle = Automatic;
					};
				};
			};
			buildConfigurationList = FBBBEE07206AA2D90029B904 /* Build configuration list for PBXProject "MovieQuotes" */;
			compatibilityVersion = "Xcode 8.0";
			developmentRegion = en;
			hasScannedForEncodings = 0;
			knownRegions = (
				en,
				Base,
			);
			mainGroup = FBBBEE03206AA2D90029B904;
			productRefGroup = FBBBEE0D206AA2D90029B904 /* Products */;
			projectDirPath = "";
			projectRoot = "";
			targets = (
				FBBBEE0B206AA2D90029B904 /* MovieQuotes */,
			);
		};
/* End PBXProject section */

/* Begin PBXResourcesBuildPhase section */
		FBBBEE0A206AA2D90029B904 /* Resources */ = {
			isa = PBXResourcesBuildPhase;
			buildActionMask = 2147483647;
			files = (
				FBBBEE22206AA2D90029B904 /* LaunchScreen.storyboard in Resources */,
				FBBBEE1F206AA2D90029B904 /* Assets.xcassets in Resources */,
				FBBBEE1D206AA2D90029B904 /* Main.storyboard in Resources */,
			);
			runOnlyForDeploymentPostprocessing = 0;
		};
/* End PBXResourcesBuildPhase section */

/* Begin PBXSourcesBuildPhase section */
		FBBBEE08206AA2D90029B904 /* Sources */ = {
			isa = PBXSourcesBuildPhase;
			buildActionMask = 2147483647;
			files = (
				FBBBEE25206AA2D90029B904 /* main.m in Sources */,
				FBBBEE11206AA2D90029B904 /* AppDelegate.m in Sources */,
				FBBBEE17206AA2D90029B904 /* MasterViewController.m in Sources */,
				FBBBEE14206AA2D90029B904 /* MovieQuotes.xcdatamodeld in Sources */,
				FBBBEE1A206AA2D90029B904 /* DetailViewController.m in Sources */,
			);
			runOnlyForDeploymentPostprocessing = 0;
		};
/* End PBXSourcesBuildPhase section */

/* Begin PBXVariantGroup section */
		FBBBEE1B206AA2D90029B904 /* Main.storyboard */ = {
			isa = PBXVariantGroup;
			children = (
				FBBBEE1C206AA2D90029B904 /* Base */,
			);
			name = Main.storyboard;
			sourceTree = "<group>";
		};
		FBBBEE20206AA2D90029B904 /* LaunchScreen.storyboard */ = {
			isa = PBXVariantGroup;
			children = (
				FBBBEE21206AA2D90029B904 /* Base */,
			);
			name = LaunchScreen.storyboard;
			sourceTree = "<group>";
		};
/* End PBXVariantGroup section */

/* Begin XCBuildConfiguration section */
		FBBBEE26206AA2D90029B904 /* Debug */ = {
			isa = XCBuildConfiguration;
			buildSettings = {
				ALWAYS_SEARCH_USER_PATHS = NO;
				CLANG_ANALYZER_NONNULL = YES;
				CLANG_ANALYZER_NUMBER_OBJECT_CONVERSION = YES_AGGRESSIVE;
				CLANG_CXX_LANGUAGE_STANDARD = "gnu++14";
				CLANG_CXX_LIBRARY = "libc++";
				CLANG_ENABLE_MODULES = YES;
				CLANG_ENABLE_OBJC_ARC = YES;
				CLANG_WARN_BLOCK_CAPTURE_AUTORELEASING = YES;
				CLANG_WARN_BOOL_CONVERSION = YES;
				CLANG_WARN_COMMA = YES;
				CLANG_WARN_CONSTANT_CONVERSION = YES;
				CLANG_WARN_DIRECT_OBJC_ISA_USAGE = YES_ERROR;
				CLANG_WARN_DOCUMENTATION_COMMENTS = YES;
				CLANG_WARN_EMPTY_BODY = YES;
				CLANG_WARN_ENUM_CONVERSION = YES;
				CLANG_WARN_INFINITE_RECURSION = YES;
				CLANG_WARN_INT_CONVERSION = YES;
				CLANG_WARN_NON_LITERAL_NULL_CONVERSION = YES;
				CLANG_WARN_OBJC_LITERAL_CONVERSION = YES;
				CLANG_WARN_OBJC_ROOT_CLASS = YES_ERROR;
				CLANG_WARN_RANGE_LOOP_ANALYSIS = YES;
				CLANG_WARN_STRICT_PROTOTYPES = YES;
				CLANG_WARN_SUSPICIOUS_MOVE = YES;
				CLANG_WARN_UNGUARDED_AVAILABILITY = YES_AGGRESSIVE;
				CLANG_WARN_UNREACHABLE_CODE = YES;
				CLANG_WARN__DUPLICATE_METHOD_MATCH = YES;
				CODE_SIGN_IDENTITY = "iPhone Developer";
				COPY_PHASE_STRIP = NO;
				DEBUG_INFORMATION_FORMAT = dwarf;
				ENABLE_STRICT_OBJC_MSGSEND = YES;
				ENABLE_TESTABILITY = YES;
				GCC_C_LANGUAGE_STANDARD = gnu11;
				GCC_DYNAMIC_NO_PIC = NO;
				GCC_NO_COMMON_BLOCKS = YES;
				GCC_OPTIMIZATION_LEVEL = 0;
				GCC_PREPROCESSOR_DEFINITIONS = (
					"DEBUG=1",
					"$(inherited)",
				);
				GCC_WARN_64_TO_32_BIT_CONVERSION = YES;
				GCC_WARN_ABOUT_RETURN_TYPE = YES_ERROR;
				GCC_WARN_UNDECLARED_SELECTOR = YES;
				GCC_WARN_UNINITIALIZED_AUTOS = YES_AGGRESSIVE;
				GCC_WARN_UNUSED_FUNCTION = YES;
				GCC_WARN_UNUSED_VARIABLE = YES;
				IPHONEOS_DEPLOYMENT_TARGET = 11.2;
				MTL_ENABLE_DEBUG_INFO = YES;
				ONLY_ACTIVE_ARCH = YES;
				SDKROOT = iphoneos;
			};
			name = Debug;
		};
		FBBBEE27206AA2D90029B904 /* Release */ = {
			isa = XCBuildConfiguration;
			buildSettings = {
				ALWAYS_SEARCH_USER_PATHS = NO;
				CLANG_ANALYZER_NONNULL = YES;
				CLANG_ANALYZER_NUMBER_OBJECT_CONVERSION = YES_AGGRESSIVE;
				CLANG_CXX_LANGUAGE_STANDARD = "gnu++14";
				CLANG_CXX_LIBRARY = "libc++";
				CLANG_ENABLE_MODULES = YES;
				CLANG_ENABLE_OBJC_ARC = YES;
				CLANG_WARN_BLOCK_CAPTURE_AUTORELEASING = YES;
				CLANG_WARN_BOOL_CONVERSION = YES;
				CLANG_WARN_COMMA = YES;
				CLANG_WARN_CONSTANT_CONVERSION = YES;
				CLANG_WARN_DIRECT_OBJC_ISA_USAGE = YES_ERROR;
				CLANG_WARN_DOCUMENTATION_COMMENTS = YES;
				CLANG_WARN_EMPTY_BODY = YES;
				CLANG_WARN_ENUM_CONVERSION = YES;
				CLANG_WARN_INFINITE_RECURSION = YES;
				CLANG_WARN_INT_CONVERSION = YES;
				CLANG_WARN_NON_LITERAL_NULL_CONVERSION = YES;
				CLANG_WARN_OBJC_LITERAL_CONVERSION = YES;
				CLANG_WARN_OBJC_ROOT_CLASS = YES_ERROR;
				CLANG_WARN_RANGE_LOOP_ANALYSIS = YES;
				CLANG_WARN_STRICT_PROTOTYPES = YES;
				CLANG_WARN_SUSPICIOUS_MOVE = YES;
				CLANG_WARN_UNGUARDED_AVAILABILITY = YES_AGGRESSIVE;
				CLANG_WARN_UNREACHABLE_CODE = YES;
				CLANG_WARN__DUPLICATE_METHOD_MATCH = YES;
				CODE_SIGN_IDENTITY = "iPhone Developer";
				COPY_PHASE_STRIP = NO;
				DEBUG_INFORMATION_FORMAT = "dwarf-with-dsym";
				ENABLE_NS_ASSERTIONS = NO;
				ENABLE_STRICT_OBJC_MSGSEND = YES;
				GCC_C_LANGUAGE_STANDARD = gnu11;
				GCC_NO_COMMON_BLOCKS = YES;
				GCC_WARN_64_TO_32_BIT_CONVERSION = YES;
				GCC_WARN_ABOUT_RETURN_TYPE = YES_ERROR;
				GCC_WARN_UNDECLARED_SELECTOR = YES;
				GCC_WARN_UNINITIALIZED_AUTOS = YES_AGGRESSIVE;
				GCC_WARN_UNUSED_FUNCTION = YES;
				GCC_WARN_UNUSED_VARIABLE = YES;
				IPHONEOS_DEPLOYMENT_TARGET = 11.2;
				MTL_ENABLE_DEBUG_INFO = NO;
				SDKROOT = iphoneos;
				VALIDATE_PRODUCT = YES;
			};
			name = Release;
		};
		FBBBEE29206AA2D90029B904 /* Debug */ = {
			isa = XCBuildConfiguration;
			buildSettings = {
				ASSETCATALOG_COMPILER_APPICON_NAME = AppIcon;
				CODE_SIGN_STYLE = Automatic;
				DEVELOPMENT_TEAM = D98ACVBXHQ;
				INFOPLIST_FILE = MovieQuotes/Info.plist;
				LD_RUNPATH_SEARCH_PATHS = "$(inherited) @executable_path/Frameworks";
				PRODUCT_BUNDLE_IDENTIFIER = Carli.MovieQuotes;
				PRODUCT_NAME = "$(TARGET_NAME)";
				TARGETED_DEVICE_FAMILY = "1,2";
			};
			name = Debug;
		};
		FBBBEE2A206AA2D90029B904 /* Release */ = {
			isa = XCBuildConfiguration;
			buildSettings = {
				ASSETCATALOG_COMPILER_APPICON_NAME = AppIcon;
				CODE_SIGN_STYLE = Automatic;
				DEVELOPMENT_TEAM = D98ACVBXHQ;
				INFOPLIST_FILE = MovieQuotes/Info.plist;
				LD_RUNPATH_SEARCH_PATHS = "$(inherited) @executable_path/Frameworks";
				PRODUCT_BUNDLE_IDENTIFIER = Carli.MovieQuotes;
				PRODUCT_NAME = "$(TARGET_NAME)";
				TARGETED_DEVICE_FAMILY = "1,2";
			};
			name = Release;
		};
/* End XCBuildConfiguration section */

/* Begin XCConfigurationList section */
		FBBBEE07206AA2D90029B904 /* Build configuration list for PBXProject "MovieQuotes" */ = {
			isa = XCConfigurationList;
			buildConfigurations = (
				FBBBEE26206AA2D90029B904 /* Debug */,
				FBBBEE27206AA2D90029B904 /* Release */,
			);
			defaultConfigurationIsVisible = 0;
			defaultConfigurationName = Release;
		};
		FBBBEE28206AA2D90029B904 /* Build configuration list for PBXNativeTarget "MovieQuotes" */ = {
			isa = XCConfigurationList;
			buildConfigurations = (
				FBBBEE29206AA2D90029B904 /* Debug */,
				FBBBEE2A206AA2D90029B904 /* Release */,
			);
			defaultConfigurationIsVisible = 0;
			defaultConfigurationName = Release;
		};
/* End XCConfigurationList section */

/* Begin XCVersionGroup section */
		FBBBEE12206AA2D90029B904 /* MovieQuotes.xcdatamodeld */ = {
			isa = XCVersionGroup;
			children = (
				FBBBEE13206AA2D90029B904 /* MovieQuotes.xcdatamodel */,
			);
			currentVersion = FBBBEE13206AA2D90029B904 /* MovieQuotes.xcdatamodel */;
			path = MovieQuotes.xcdatamodeld;
			sourceTree = "<group>";
			versionGroupType = wrapper.xcdatamodel;
		};
/* End XCVersionGroup section */
	};
	rootObject = FBBBEE04206AA2D90029B904 /* Project object */;
}
